{
  "name": "ethereum-abi-types-generator",
  "version": "1.0.0",
  "lockfileVersion": 1,
  "requires": true,
  "dependencies": {
    "@types/fs-extra": {
      "version": "8.1.0",
      "resolved": "https://registry.npmjs.org/@types/fs-extra/-/fs-extra-8.1.0.tgz",
      "integrity": "sha512-UoOfVEzAUpeSPmjm7h1uk5MH6KZma2z2O7a75onTGjnNvAvMVrPzPL/vBbT65iIGHWj6rokwfmYcmxmlSf2uwg==",
      "dev": true,
      "requires": {
        "@types/node": "*"
      }
    },
    "@types/node": {
      "version": "13.13.2",
      "resolved": "https://registry.npmjs.org/@types/node/-/node-13.13.2.tgz",
      "integrity": "sha512-LB2R1Oyhpg8gu4SON/mfforE525+Hi/M1ineICEDftqNVTyFg1aRIeGuTvXAoWHc4nbrFncWtJgMmoyRvuGh7A==",
      "dev": true
    },
    "aes-js": {
      "version": "3.0.0",
      "resolved": "https://registry.npmjs.org/aes-js/-/aes-js-3.0.0.tgz",
      "integrity": "sha1-4h3xCtbCBTKVvLuNq0Cwnb6ofk0=",
      "dev": true
    },
    "at-least-node": {
      "version": "1.0.0",
      "resolved": "https://registry.npmjs.org/at-least-node/-/at-least-node-1.0.0.tgz",
      "integrity": "sha512-+q/t7Ekv1EDY2l6Gda6LLiX14rU9TV20Wa3ofeQmwPFZbOMo9DXrLbOjFaaclkXKWidIaopwAObQDqwWtGUjqg=="
    },
    "bn.js": {
      "version": "4.11.8",
      "resolved": "https://registry.npmjs.org/bn.js/-/bn.js-4.11.8.tgz",
      "integrity": "sha512-ItfYfPLkWHUjckQCk8xC+LwxgK8NYcXywGigJgSwOP8Y2iyWT4f2vsZnoOXTTbo+o5yXmIUJ4gn5538SO5S3gA==",
      "dev": true
    },
    "brorand": {
      "version": "1.1.0",
      "resolved": "https://registry.npmjs.org/brorand/-/brorand-1.1.0.tgz",
      "integrity": "sha1-EsJe/kCkXjwyPrhnWgoM5XsiNx8=",
      "dev": true
    },
    "elliptic": {
      "version": "6.5.2",
      "resolved": "https://registry.npmjs.org/elliptic/-/elliptic-6.5.2.tgz",
      "integrity": "sha512-f4x70okzZbIQl/NSRLkI/+tteV/9WqL98zx+SQ69KbXxmVrmjwsNUPn/gYJJ0sHvEak24cZgHIPegRePAtA/xw==",
      "dev": true,
      "requires": {
        "bn.js": "^4.4.0",
        "brorand": "^1.0.1",
        "hash.js": "^1.0.0",
        "hmac-drbg": "^1.0.0",
        "inherits": "^2.0.1",
        "minimalistic-assert": "^1.0.0",
        "minimalistic-crypto-utils": "^1.0.0"
      }
    },
    "ethers": {
      "version": "4.0.47",
      "resolved": "https://registry.npmjs.org/ethers/-/ethers-4.0.47.tgz",
      "integrity": "sha512-hssRYhngV4hiDNeZmVU/k5/E8xmLG8UpcNUzg6mb7lqhgpFPH/t7nuv20RjRrEf0gblzvi2XwR5Te+V3ZFc9pQ==",
      "dev": true,
      "requires": {
        "aes-js": "3.0.0",
        "bn.js": "^4.4.0",
        "elliptic": "6.5.2",
        "hash.js": "1.1.3",
        "js-sha3": "0.5.7",
        "scrypt-js": "2.0.4",
        "setimmediate": "1.0.4",
        "uuid": "2.0.1",
        "xmlhttprequest": "1.8.0"
      }
    },
    "fs-extra": {
      "version": "9.0.0",
      "resolved": "https://registry.npmjs.org/fs-extra/-/fs-extra-9.0.0.tgz",
      "integrity": "sha512-pmEYSk3vYsG/bF651KPUXZ+hvjpgWYw/Gc7W9NFUe3ZVLczKKWIij3IKpOrQcdw4TILtibFslZ0UmR8Vvzig4g==",
      "requires": {
        "at-least-node": "^1.0.0",
        "graceful-fs": "^4.2.0",
        "jsonfile": "^6.0.1",
        "universalify": "^1.0.0"
      }
    },
    "graceful-fs": {
      "version": "4.2.3",
      "resolved": "https://registry.npmjs.org/graceful-fs/-/graceful-fs-4.2.3.tgz",
      "integrity": "sha512-a30VEBm4PEdx1dRB7MFK7BejejvCvBronbLjht+sHuGYj8PHs7M/5Z+rt5lw551vZ7yfTCj4Vuyy3mSJytDWRQ=="
    },
    "hash.js": {
      "version": "1.1.3",
      "resolved": "https://registry.npmjs.org/hash.js/-/hash.js-1.1.3.tgz",
      "integrity": "sha512-/UETyP0W22QILqS+6HowevwhEFJ3MBJnwTf75Qob9Wz9t0DPuisL8kW8YZMK62dHAKE1c1p+gY1TtOLY+USEHA==",
      "dev": true,
      "requires": {
        "inherits": "^2.0.3",
        "minimalistic-assert": "^1.0.0"
      }
    },
    "hmac-drbg": {
      "version": "1.0.1",
      "resolved": "https://registry.npmjs.org/hmac-drbg/-/hmac-drbg-1.0.1.tgz",
      "integrity": "sha1-0nRXAQJabHdabFRXk+1QL8DGSaE=",
      "dev": true,
      "requires": {
        "hash.js": "^1.0.3",
        "minimalistic-assert": "^1.0.0",
        "minimalistic-crypto-utils": "^1.0.1"
      }
    },
    "inherits": {
      "version": "2.0.4",
      "resolved": "https://registry.npmjs.org/inherits/-/inherits-2.0.4.tgz",
      "integrity": "sha512-k/vGaX4/Yla3WzyMCvTQOXYeIHvqOKtnqBduzTHpzpQZzAskKMhZ2K+EnBiSM9zGSoIFeMpXKxa4dYeZIQqewQ==",
      "dev": true
    },
    "js-sha3": {
      "version": "0.5.7",
      "resolved": "https://registry.npmjs.org/js-sha3/-/js-sha3-0.5.7.tgz",
      "integrity": "sha1-DU/9gALVMzqrr0oj7tL2N0yfKOc=",
      "dev": true
    },
    "jsonfile": {
      "version": "6.0.1",
      "resolved": "https://registry.npmjs.org/jsonfile/-/jsonfile-6.0.1.tgz",
      "integrity": "sha512-jR2b5v7d2vIOust+w3wtFKZIfpC2pnRmFAhAC/BuweZFQR8qZzxH1OyrQ10HmdVYiXWkYUqPVsz91cG7EL2FBg==",
      "requires": {
        "graceful-fs": "^4.1.6",
        "universalify": "^1.0.0"
      }
    },
    "minimalistic-assert": {
      "version": "1.0.1",
      "resolved": "https://registry.npmjs.org/minimalistic-assert/-/minimalistic-assert-1.0.1.tgz",
      "integrity": "sha512-UtJcAD4yEaGtjPezWuO9wC4nwUnVH/8/Im3yEHQP4b67cXlD/Qr9hdITCU1xDbSEXg2XKNaP8jsReV7vQd00/A==",
      "dev": true
    },
    "minimalistic-crypto-utils": {
      "version": "1.0.1",
      "resolved": "https://registry.npmjs.org/minimalistic-crypto-utils/-/minimalistic-crypto-utils-1.0.1.tgz",
      "integrity": "sha1-9sAMHAsIIkblxNmd+4x8CDsrWCo=",
      "dev": true
    },
    "scrypt-js": {
      "version": "2.0.4",
      "resolved": "https://registry.npmjs.org/scrypt-js/-/scrypt-js-2.0.4.tgz",
      "integrity": "sha512-4KsaGcPnuhtCZQCxFxN3GVYIhKFPTdLd8PLC552XwbMndtD0cjRFAhDuuydXQ0h08ZfPgzqe6EKHozpuH74iDw==",
      "dev": true
    },
    "setimmediate": {
      "version": "1.0.4",
      "resolved": "https://registry.npmjs.org/setimmediate/-/setimmediate-1.0.4.tgz",
      "integrity": "sha1-IOgd5iLUoCWIzgyNqJc8vPHTE48=",
      "dev": true
    },
    "universalify": {
      "version": "1.0.0",
      "resolved": "https://registry.npmjs.org/universalify/-/universalify-1.0.0.tgz",
      "integrity": "sha512-rb6X1W158d7pRQBg5gkR8uPaSfiids68LTJQYOtEUhoJUWBdaQHsuT/EUduxXYxcrt4r5PJ4fuHW1MHT6p0qug=="
    },
    "uuid": {
      "version": "2.0.1",
      "resolved": "https://registry.npmjs.org/uuid/-/uuid-2.0.1.tgz",
      "integrity": "sha1-wqMN7bPlNdcsz4LjQ5QaULqFM6w=",
      "dev": true
    },
    "xmlhttprequest": {
      "version": "1.8.0",
      "resolved": "https://registry.npmjs.org/xmlhttprequest/-/xmlhttprequest-1.8.0.tgz",
      "integrity": "sha1-Z/4HXFwk/vOfnWX197f+dRcZaPw=",
      "dev": true
    }
  }
}
